
Microsoft Visual Studio Solution File, Format Version 12.00
# Visual Studio Express 2012 for Web
Project("{FAE04EC0-301F-11D3-BF4B-00C04F79EFBC}") = "Verzus", "Verzus.csproj", "{EC1D61B1-AA2F-4D38-A1C9-7591EC9AC11B}"
EndProject
Global
	GlobalSection(SolutionConfigurationPlatforms) = preSolution
		Debug|Any CPU = Debug|Any CPU
		Release|Any CPU = Release|Any CPU
	EndGlobalSection
	GlobalSection(ProjectConfigurationPlatforms) = postSolution
		{EC1D61B1-AA2F-4D38-A1C9-7591EC9AC11B}.Debug|Any CPU.ActiveCfg = Debug|Any CPU
		{EC1D61B1-AA2F-4D38-A1C9-7591EC9AC11B}.Debug|Any CPU.Build.0 = Debug|Any CPU
		{EC1D61B1-AA2F-4D38-A1C9-7591EC9AC11B}.Release|Any CPU.ActiveCfg = Release|Any CPU
		{EC1D61B1-AA2F-4D38-A1C9-7591EC9AC11B}.Release|Any CPU.Build.0 = Release|Any CPU
	EndGlobalSection
	GlobalSection(SolutionProperties) = preSolution
		HideSolutionNode = FALSE
	EndGlobalSection
EndGlobal
